
Microsoft Visual Studio Solution File, Format Version 12.00
# Visual Studio 15
VisualStudioVersion = 15.0.26228.12
MinimumVisualStudioVersion = 10.0.40219.1
Project("{9A19103F-16F7-4668-BE54-9A1E7A4F7556}") = "ActivePlugins", "ActivePlugins\ActivePlugins.csproj", "{760F9B34-DF78-4CF2-AC67-2AA23DE42F22}"
EndProject
Project("{9A19103F-16F7-4668-BE54-9A1E7A4F7556}") = "PluginContracts", "PluginContracts\PluginContracts.csproj", "{AF7CD532-17AA-407F-BEE7-1644BDBD142E}"
EndProject
Project("{9A19103F-16F7-4668-BE54-9A1E7A4F7556}") = "ReversePlugin", "ReversePlugin\ReversePlugin.csproj", "{FF450D48-CF4C-4BC0-941B-A44790A20BFB}"
EndProject
Project("{9A19103F-16F7-4668-BE54-9A1E7A4F7556}") = "CountPlugin", "CountPlugin\CountPlugin.csproj", "{ADE0B350-735F-40C9-8858-998A33BE7227}"
EndProject
Project("{9A19103F-16F7-4668-BE54-9A1E7A4F7556}") = "SumPlugin", "SumPlugin\SumPlugin.csproj", "{B1034C2F-6AC7-469C-BC20-D23315AA8108}"
EndProject
Project("{FAE04EC0-301F-11D3-BF4B-00C04F79EFBC}") = "LogViewer", "LogViewer\LogViewer.csproj", "{60683E1E-A488-4F2C-956A-7261716F499A}"
EndProject
Global
	GlobalSection(SolutionConfigurationPlatforms) = preSolution
		Debug|Any CPU = Debug|Any CPU
		Release|Any CPU = Release|Any CPU
	EndGlobalSection
	GlobalSection(ProjectConfigurationPlatforms) = postSolution
		{760F9B34-DF78-4CF2-AC67-2AA23DE42F22}.Debug|Any CPU.ActiveCfg = Debug|Any CPU
		{760F9B34-DF78-4CF2-AC67-2AA23DE42F22}.Debug|Any CPU.Build.0 = Debug|Any CPU
		{760F9B34-DF78-4CF2-AC67-2AA23DE42F22}.Release|Any CPU.ActiveCfg = Release|Any CPU
		{760F9B34-DF78-4CF2-AC67-2AA23DE42F22}.Release|Any CPU.Build.0 = Release|Any CPU
		{AF7CD532-17AA-407F-BEE7-1644BDBD142E}.Debug|Any CPU.ActiveCfg = Debug|Any CPU
		{AF7CD532-17AA-407F-BEE7-1644BDBD142E}.Debug|Any CPU.Build.0 = Debug|Any CPU
		{AF7CD532-17AA-407F-BEE7-1644BDBD142E}.Release|Any CPU.ActiveCfg = Release|Any CPU
		{AF7CD532-17AA-407F-BEE7-1644BDBD142E}.Release|Any CPU.Build.0 = Release|Any CPU
		{FF450D48-CF4C-4BC0-941B-A44790A20BFB}.Debug|Any CPU.ActiveCfg = Debug|Any CPU
		{FF450D48-CF4C-4BC0-941B-A44790A20BFB}.Debug|Any CPU.Build.0 = Debug|Any CPU
		{FF450D48-CF4C-4BC0-941B-A44790A20BFB}.Release|Any CPU.ActiveCfg = Release|Any CPU
		{FF450D48-CF4C-4BC0-941B-A44790A20BFB}.Release|Any CPU.Build.0 = Release|Any CPU
		{ADE0B350-735F-40C9-8858-998A33BE7227}.Debug|Any CPU.ActiveCfg = Debug|Any CPU
		{ADE0B350-735F-40C9-8858-998A33BE7227}.Debug|Any CPU.Build.0 = Debug|Any CPU
		{ADE0B350-735F-40C9-8858-998A33BE7227}.Release|Any CPU.ActiveCfg = Release|Any CPU
		{ADE0B350-735F-40C9-8858-998A33BE7227}.Release|Any CPU.Build.0 = Release|Any CPU
		{B1034C2F-6AC7-469C-BC20-D23315AA8108}.Debug|Any CPU.ActiveCfg = Debug|Any CPU
		{B1034C2F-6AC7-469C-BC20-D23315AA8108}.Debug|Any CPU.Build.0 = Debug|Any CPU
		{B1034C2F-6AC7-469C-BC20-D23315AA8108}.Release|Any CPU.ActiveCfg = Release|Any CPU
		{B1034C2F-6AC7-469C-BC20-D23315AA8108}.Release|Any CPU.Build.0 = Release|Any CPU
		{60683E1E-A488-4F2C-956A-7261716F499A}.Debug|Any CPU.ActiveCfg = Debug|Any CPU
		{60683E1E-A488-4F2C-956A-7261716F499A}.Debug|Any CPU.Build.0 = Debug|Any CPU
		{60683E1E-A488-4F2C-956A-7261716F499A}.Release|Any CPU.ActiveCfg = Release|Any CPU
		{60683E1E-A488-4F2C-956A-7261716F499A}.Release|Any CPU.Build.0 = Release|Any CPU
	EndGlobalSection
	GlobalSection(SolutionProperties) = preSolution
		HideSolutionNode = FALSE
	EndGlobalSection
	GlobalSection(ExtensibilityGlobals) = postSolution
		SolutionGuid = {3ADD3AA6-5E0A-41EF-9B5F-69AD6AD7F81A}
	EndGlobalSection
EndGlobal
